// !$*UTF8*$!
{
	archiveVersion = 1;
	classes = {
	};
	objectVersion = 50;
	objects = {

/* Begin PBXBuildFile section */
		EF75E0D026B0507C00A52B13 /* AppDelegate.m in Sources */ = {isa = PBXBuildFile; fileRef = EF75E0CF26B0507C00A52B13 /* AppDelegate.m */; };
		EF75E0D326B0507C00A52B13 /* SceneDelegate.m in Sources */ = {isa = PBXBuildFile; fileRef = EF75E0D226B0507C00A52B13 /* SceneDelegate.m */; };
		EF75E0DB26B0508000A52B13 /* Assets.xcassets in Resources */ = {isa = PBXBuildFile; fileRef = EF75E0DA26B0508000A52B13 /* Assets.xcassets */; };
		EF75E0DE26B0508000A52B13 /* LaunchScreen.storyboard in Resources */ = {isa = PBXBuildFile; fileRef = EF75E0DC26B0508000A52B13 /* LaunchScreen.storyboard */; };
		EF75E0E126B0508000A52B13 /* main.m in Sources */ = {isa = PBXBuildFile; fileRef = EF75E0E026B0508000A52B13 /* main.m */; };
		EF75E0EB26B0508000A52B13 /* ExampleTests.m in Sources */ = {isa = PBXBuildFile; fileRef = EF75E0EA26B0508000A52B13 /* ExampleTests.m */; };
		EF75E0F626B0508000A52B13 /* ExampleUITests.m in Sources */ = {isa = PBXBuildFile; fileRef = EF75E0F526B0508000A52B13 /* ExampleUITests.m */; };
		EF75E10926B054EA00A52B13 /* TriggerButtonViewController.m in Sources */ = {isa = PBXBuildFile; fileRef = EF75E10626B054EA00A52B13 /* TriggerButtonViewController.m */; };
		EF75E10A26B054EA00A52B13 /* ModalViewController.m in Sources */ = {isa = PBXBuildFile; fileRef = EF75E10726B054EA00A52B13 /* ModalViewController.m */; };
		EF75E10E26B0558100A52B13 /* TriggerButtonView.m in Sources */ = {isa = PBXBuildFile; fileRef = EF75E10C26B0558100A52B13 /* TriggerButtonView.m */; };
/* End PBXBuildFile section */

/* Begin PBXContainerItemProxy section */
		EF75E0E726B0508000A52B13 /* PBXContainerItemProxy */ = {
			isa = PBXContainerItemProxy;
			containerPortal = EF75E0C326B0507C00A52B13 /* Project object */;
			proxyType = 1;
			remoteGlobalIDString = EF75E0CA26B0507C00A52B13;
			remoteInfo = Example;
		};
		EF75E0F226B0508000A52B13 /* PBXContainerItemProxy */ = {
			isa = PBXContainerItemProxy;
			containerPortal = EF75E0C326B0507C00A52B13 /* Project object */;
			proxyType = 1;
			remoteGlobalIDString = EF75E0CA26B0507C00A52B13;
			remoteInfo = Example;
		};
/* End PBXContainerItemProxy section */

/* Begin PBXFileReference section */
		EF75E0CB26B0507C00A52B13 /* Example.app */ = {isa = PBXFileReference; explicitFileType = wrapper.application; includeInIndex = 0; path = Example.app; sourceTree = BUILT_PRODUCTS_DIR; };
		EF75E0CE26B0507C00A52B13 /* AppDelegate.h */ = {isa = PBXFileReference; lastKnownFileType = sourcecode.c.h; path = AppDelegate.h; sourceTree = "<group>"; };
		EF75E0CF26B0507C00A52B13 /* AppDelegate.m */ = {isa = PBXFileReference; lastKnownFileType = sourcecode.c.objc; path = AppDelegate.m; sourceTree = "<group>"; };
		EF75E0D126B0507C00A52B13 /* SceneDelegate.h */ = {isa = PBXFileReference; lastKnownFileType = sourcecode.c.h; path = SceneDelegate.h; sourceTree = "<group>"; };
		EF75E0D226B0507C00A52B13 /* SceneDelegate.m */ = {isa = PBXFileReference; lastKnownFileType = sourcecode.c.objc; path = SceneDelegate.m; sourceTree = "<group>"; };
		EF75E0DA26B0508000A52B13 /* Assets.xcassets */ = {isa = PBXFileReference; lastKnownFileType = folder.assetcatalog; path = Assets.xcassets; sourceTree = "<group>"; };
		EF75E0DD26B0508000A52B13 /* Base */ = {isa = PBXFileReference; lastKnownFileType = file.storyboard; name = Base; path = Base.lproj/LaunchScreen.storyboard; sourceTree = "<group>"; };
		EF75E0DF26B0508000A52B13 /* Info.plist */ = {isa = PBXFileReference; lastKnownFileType = text.plist.xml; path = Info.plist; sourceTree = "<group>"; };
		EF75E0E026B0508000A52B13 /* main.m */ = {isa = PBXFileReference; lastKnownFileType = sourcecode.c.objc; path = main.m; sourceTree = "<group>"; };
		EF75E0E626B0508000A52B13 /* ExampleTests.xctest */ = {isa = PBXFileReference; explicitFileType = wrapper.cfbundle; includeInIndex = 0; path = ExampleTests.xctest; sourceTree = BUILT_PRODUCTS_DIR; };
		EF75E0EA26B0508000A52B13 /* ExampleTests.m */ = {isa = PBXFileReference; lastKnownFileType = sourcecode.c.objc; path = ExampleTests.m; sourceTree = "<group>"; };
		EF75E0EC26B0508000A52B13 /* Info.plist */ = {isa = PBXFileReference; lastKnownFileType = text.plist.xml; path = Info.plist; sourceTree = "<group>"; };
		EF75E0F126B0508000A52B13 /* ExampleUITests.xctest */ = {isa = PBXFileReference; explicitFileType = wrapper.cfbundle; includeInIndex = 0; path = ExampleUITests.xctest; sourceTree = BUILT_PRODUCTS_DIR; };
		EF75E0F526B0508000A52B13 /* ExampleUITests.m */ = {isa = PBXFileReference; lastKnownFileType = sourcecode.c.objc; path = ExampleUITests.m; sourceTree = "<group>"; };
		EF75E0F726B0508000A52B13 /* Info.plist */ = {isa = PBXFileReference; lastKnownFileType = text.plist.xml; path = Info.plist; sourceTree = "<group>"; };
		EF75E10526B054EA00A52B13 /* ModalViewController.h */ = {isa = PBXFileReference; fileEncoding = 4; lastKnownFileType = sourcecode.c.h; path = ModalViewController.h; sourceTree = "<group>"; };
		EF75E10626B054EA00A52B13 /* TriggerButtonViewController.m */ = {isa = PBXFileReference; fileEncoding = 4; lastKnownFileType = sourcecode.c.objc; path = TriggerButtonViewController.m; sourceTree = "<group>"; };
		EF75E10726B054EA00A52B13 /* ModalViewController.m */ = {isa = PBXFileReference; fileEncoding = 4; lastKnownFileType = sourcecode.c.objc; path = ModalViewController.m; sourceTree = "<group>"; };
		EF75E10826B054EA00A52B13 /* TriggerButtonViewController.h */ = {isa = PBXFileReference; fileEncoding = 4; lastKnownFileType = sourcecode.c.h; path = TriggerButtonViewController.h; sourceTree = "<group>"; };
		EF75E10C26B0558100A52B13 /* TriggerButtonView.m */ = {isa = PBXFileReference; fileEncoding = 4; lastKnownFileType = sourcecode.c.objc; path = TriggerButtonView.m; sourceTree = "<group>"; };
		EF75E10D26B0558100A52B13 /* TriggerButtonView.h */ = {isa = PBXFileReference; fileEncoding = 4; lastKnownFileType = sourcecode.c.h; path = TriggerButtonView.h; sourceTree = "<group>"; };
/* End PBXFileReference section */

/* Begin PBXFrameworksBuildPhase section */
		EF75E0C826B0507C00A52B13 /* Frameworks */ = {
			isa = PBXFrameworksBuildPhase;
			buildActionMask = 2147483647;
			files = (
			);
			runOnlyForDeploymentPostprocessing = 0;
		};
		EF75E0E326B0508000A52B13 /* Frameworks */ = {
			isa = PBXFrameworksBuildPhase;
			buildActionMask = 2147483647;
			files = (
			);
			runOnlyForDeploymentPostprocessing = 0;
		};
		EF75E0EE26B0508000A52B13 /* Frameworks */ = {
			isa = PBXFrameworksBuildPhase;
			buildActionMask = 2147483647;
			files = (
			);
			runOnlyForDeploymentPostprocessing = 0;
		};
/* End PBXFrameworksBuildPhase section */

/* Begin PBXGroup section */
		EF75E0C226B0507C00A52B13 = {
			isa = PBXGroup;
			children = (
				EF75E0CD26B0507C00A52B13 /* Example */,
				EF75E0E926B0508000A52B13 /* ExampleTests */,
				EF75E0F426B0508000A52B13 /* ExampleUITests */,
				EF75E0CC26B0507C00A52B13 /* Products */,
			);
			sourceTree = "<group>";
		};
		EF75E0CC26B0507C00A52B13 /* Products */ = {
			isa = PBXGroup;
			children = (
				EF75E0CB26B0507C00A52B13 /* Example.app */,
				EF75E0E626B0508000A52B13 /* ExampleTests.xctest */,
				EF75E0F126B0508000A52B13 /* ExampleUITests.xctest */,
			);
			name = Products;
			sourceTree = "<group>";
		};
		EF75E0CD26B0507C00A52B13 /* Example */ = {
			isa = PBXGroup;
			children = (
				EF75E10B26B0557300A52B13 /* View */,
				EF75E10426B054CF00A52B13 /* Controller */,
				EF75E10326B0508900A52B13 /* Configuration */,
				EF75E0DA26B0508000A52B13 /* Assets.xcassets */,
				EF75E0DC26B0508000A52B13 /* LaunchScreen.storyboard */,
				EF75E0DF26B0508000A52B13 /* Info.plist */,
				EF75E0E026B0508000A52B13 /* main.m */,
			);
			path = Example;
			sourceTree = "<group>";
		};
		EF75E0E926B0508000A52B13 /* ExampleTests */ = {
			isa = PBXGroup;
			children = (
				EF75E0EA26B0508000A52B13 /* ExampleTests.m */,
				EF75E0EC26B0508000A52B13 /* Info.plist */,
			);
			path = ExampleTests;
			sourceTree = "<group>";
		};
		EF75E0F426B0508000A52B13 /* ExampleUITests */ = {
			isa = PBXGroup;
			children = (
				EF75E0F526B0508000A52B13 /* ExampleUITests.m */,
				EF75E0F726B0508000A52B13 /* Info.plist */,
			);
			path = ExampleUITests;
			sourceTree = "<group>";
		};
		EF75E10326B0508900A52B13 /* Configuration */ = {
			isa = PBXGroup;
			children = (
				EF75E0CE26B0507C00A52B13 /* AppDelegate.h */,
				EF75E0CF26B0507C00A52B13 /* AppDelegate.m */,
				EF75E0D126B0507C00A52B13 /* SceneDelegate.h */,
				EF75E0D226B0507C00A52B13 /* SceneDelegate.m */,
			);
			path = Configuration;
			sourceTree = "<group>";
		};
		EF75E10426B054CF00A52B13 /* Controller */ = {
			isa = PBXGroup;
			children = (
				EF75E10526B054EA00A52B13 /* ModalViewController.h */,
				EF75E10726B054EA00A52B13 /* ModalViewController.m */,
				EF75E10826B054EA00A52B13 /* TriggerButtonViewController.h */,
				EF75E10626B054EA00A52B13 /* TriggerButtonViewController.m */,
			);
			path = Controller;
			sourceTree = "<group>";
		};
		EF75E10B26B0557300A52B13 /* View */ = {
			isa = PBXGroup;
			children = (
				EF75E10D26B0558100A52B13 /* TriggerButtonView.h */,
				EF75E10C26B0558100A52B13 /* TriggerButtonView.m */,
			);
			path = View;
			sourceTree = "<group>";
		};
/* End PBXGroup section */

/* Begin PBXNativeTarget section */
		EF75E0CA26B0507C00A52B13 /* Example */ = {
			isa = PBXNativeTarget;
			buildConfigurationList = EF75E0FA26B0508000A52B13 /* Build configuration list for PBXNativeTarget "Example" */;
			buildPhases = (
				EF75E0C726B0507C00A52B13 /* Sources */,
				EF75E0C826B0507C00A52B13 /* Frameworks */,
				EF75E0C926B0507C00A52B13 /* Resources */,
			);
			buildRules = (
			);
			dependencies = (
			);
			name = Example;
			productName = Example;
			productReference = EF75E0CB26B0507C00A52B13 /* Example.app */;
			productType = "com.apple.product-type.application";
		};
		EF75E0E526B0508000A52B13 /* ExampleTests */ = {
			isa = PBXNativeTarget;
			buildConfigurationList = EF75E0FD26B0508000A52B13 /* Build configuration list for PBXNativeTarget "ExampleTests" */;
			buildPhases = (
				EF75E0E226B0508000A52B13 /* Sources */,
				EF75E0E326B0508000A52B13 /* Frameworks */,
				EF75E0E426B0508000A52B13 /* Resources */,
			);
			buildRules = (
			);
			dependencies = (
				EF75E0E826B0508000A52B13 /* PBXTargetDependency */,
			);
			name = ExampleTests;
			productName = ExampleTests;
			productReference = EF75E0E626B0508000A52B13 /* ExampleTests.xctest */;
			productType = "com.apple.product-type.bundle.unit-test";
		};
		EF75E0F026B0508000A52B13 /* ExampleUITests */ = {
			isa = PBXNativeTarget;
			buildConfigurationList = EF75E10026B0508000A52B13 /* Build configuration list for PBXNativeTarget "ExampleUITests" */;
			buildPhases = (
				EF75E0ED26B0508000A52B13 /* Sources */,
				EF75E0EE26B0508000A52B13 /* Frameworks */,
				EF75E0EF26B0508000A52B13 /* Resources */,
			);
			buildRules = (
			);
			dependencies = (
				EF75E0F326B0508000A52B13 /* PBXTargetDependency */,
			);
			name = ExampleUITests;
			productName = ExampleUITests;
			productReference = EF75E0F126B0508000A52B13 /* ExampleUITests.xctest */;
			productType = "com.apple.product-type.bundle.ui-testing";
		};
/* End PBXNativeTarget section */

/* Begin PBXProject section */
		EF75E0C326B0507C00A52B13 /* Project object */ = {
			isa = PBXProject;
			attributes = {
				LastUpgradeCheck = 1250;
				TargetAttributes = {
					EF75E0CA26B0507C00A52B13 = {
						CreatedOnToolsVersion = 12.5.1;
					};
					EF75E0E526B0508000A52B13 = {
						CreatedOnToolsVersion = 12.5.1;
						TestTargetID = EF75E0CA26B0507C00A52B13;
					};
					EF75E0F026B0508000A52B13 = {
						CreatedOnToolsVersion = 12.5.1;
						TestTargetID = EF75E0CA26B0507C00A52B13;
					};
				};
			};
			buildConfigurationList = EF75E0C626B0507C00A52B13 /* Build configuration list for PBXProject "Example" */;
			compatibilityVersion = "Xcode 9.3";
			developmentRegion = en;
			hasScannedForEncodings = 0;
			knownRegions = (
				en,
				Base,
			);
			mainGroup = EF75E0C226B0507C00A52B13;
			productRefGroup = EF75E0CC26B0507C00A52B13 /* Products */;
			projectDirPath = "";
			projectRoot = "";
			targets = (
				EF75E0CA26B0507C00A52B13 /* Example */,
				EF75E0E526B0508000A52B13 /* ExampleTests */,
				EF75E0F026B0508000A52B13 /* ExampleUITests */,
			);
		};
/* End PBXProject section */

/* Begin PBXResourcesBuildPhase section */
		EF75E0C926B0507C00A52B13 /* Resources */ = {
			isa = PBXResourcesBuildPhase;
			buildActionMask = 2147483647;
			files = (
				EF75E0DE26B0508000A52B13 /* LaunchScreen.storyboard in Resources */,
				EF75E0DB26B0508000A52B13 /* Assets.xcassets in Resources */,
			);
			runOnlyForDeploymentPostprocessing = 0;
		};
		EF75E0E426B0508000A52B13 /* Resources */ = {
			isa = PBXResourcesBuildPhase;
			buildActionMask = 2147483647;
			files = (
			);
			runOnlyForDeploymentPostprocessing = 0;
		};
		EF75E0EF26B0508000A52B13 /* Resources */ = {
			isa = PBXResourcesBuildPhase;
			buildActionMask = 2147483647;
			files = (
			);
			runOnlyForDeploymentPostprocessing = 0;
		};
/* End PBXResourcesBuildPhase section */

/* Begin PBXSourcesBuildPhase section */
		EF75E0C726B0507C00A52B13 /* Sources */ = {
			isa = PBXSourcesBuildPhase;
			buildActionMask = 2147483647;
			files = (
				EF75E0D026B0507C00A52B13 /* AppDelegate.m in Sources */,
				EF75E0E126B0508000A52B13 /* main.m in Sources */,
				EF75E10E26B0558100A52B13 /* TriggerButtonView.m in Sources */,
				EF75E10A26B054EA00A52B13 /* ModalViewController.m in Sources */,
				EF75E10926B054EA00A52B13 /* TriggerButtonViewController.m in Sources */,
				EF75E0D326B0507C00A52B13 /* SceneDelegate.m in Sources */,
			);
			runOnlyForDeploymentPostprocessing = 0;
		};
		EF75E0E226B0508000A52B13 /* Sources */ = {
			isa = PBXSourcesBuildPhase;
			buildActionMask = 2147483647;
			files = (
				EF75E0EB26B0508000A52B13 /* ExampleTests.m in Sources */,
			);
			runOnlyForDeploymentPostprocessing = 0;
		};
		EF75E0ED26B0508000A52B13 /* Sources */ = {
			isa = PBXSourcesBuildPhase;
			buildActionMask = 2147483647;
			files = (
				EF75E0F626B0508000A52B13 /* ExampleUITests.m in Sources */,
			);
			runOnlyForDeploymentPostprocessing = 0;
		};
/* End PBXSourcesBuildPhase section */

/* Begin PBXTargetDependency section */
		EF75E0E826B0508000A52B13 /* PBXTargetDependency */ = {
			isa = PBXTargetDependency;
			target = EF75E0CA26B0507C00A52B13 /* Example */;
			targetProxy = EF75E0E726B0508000A52B13 /* PBXContainerItemProxy */;
		};
		EF75E0F326B0508000A52B13 /* PBXTargetDependency */ = {
			isa = PBXTargetDependency;
			target = EF75E0CA26B0507C00A52B13 /* Example */;
			targetProxy = EF75E0F226B0508000A52B13 /* PBXContainerItemProxy */;
		};
/* End PBXTargetDependency section */

/* Begin PBXVariantGroup section */
		EF75E0DC26B0508000A52B13 /* LaunchScreen.storyboard */ = {
			isa = PBXVariantGroup;
			children = (
				EF75E0DD26B0508000A52B13 /* Base */,
			);
			name = LaunchScreen.storyboard;
			sourceTree = "<group>";
		};
/* End PBXVariantGroup section */

/* Begin XCBuildConfiguration section */
		EF75E0F826B0508000A52B13 /* Debug */ = {
			isa = XCBuildConfiguration;
			buildSettings = {
				ALWAYS_SEARCH_USER_PATHS = NO;
				CLANG_ANALYZER_NONNULL = YES;
				CLANG_ANALYZER_NUMBER_OBJECT_CONVERSION = YES_AGGRESSIVE;
				CLANG_CXX_LANGUAGE_STANDARD = "gnu++14";
				CLANG_CXX_LIBRARY = "libc++";
				CLANG_ENABLE_MODULES = YES;
				CLANG_ENABLE_OBJC_ARC = YES;
				CLANG_ENABLE_OBJC_WEAK = YES;
				CLANG_WARN_BLOCK_CAPTURE_AUTORELEASING = YES;
				CLANG_WARN_BOOL_CONVERSION = YES;
				CLANG_WARN_COMMA = YES;
				CLANG_WARN_CONSTANT_CONVERSION = YES;
				CLANG_WARN_DEPRECATED_OBJC_IMPLEMENTATIONS = YES;
				CLANG_WARN_DIRECT_OBJC_ISA_USAGE = YES_ERROR;
				CLANG_WARN_DOCUMENTATION_COMMENTS = YES;
				CLANG_WARN_EMPTY_BODY = YES;
				CLANG_WARN_ENUM_CONVERSION = YES;
				CLANG_WARN_INFINITE_RECURSION = YES;
				CLANG_WARN_INT_CONVERSION = YES;
				CLANG_WARN_NON_LITERAL_NULL_CONVERSION = YES;
				CLANG_WARN_OBJC_IMPLICIT_RETAIN_SELF = YES;
				CLANG_WARN_OBJC_LITERAL_CONVERSION = YES;
				CLANG_WARN_OBJC_ROOT_CLASS = YES_ERROR;
				CLANG_WARN_QUOTED_INCLUDE_IN_FRAMEWORK_HEADER = YES;
				CLANG_WARN_RANGE_LOOP_ANALYSIS = YES;
				CLANG_WARN_STRICT_PROTOTYPES = YES;
				CLANG_WARN_SUSPICIOUS_MOVE = YES;
				CLANG_WARN_UNGUARDED_AVAILABILITY = YES_AGGRESSIVE;
				CLANG_WARN_UNREACHABLE_CODE = YES;
				CLANG_WARN__DUPLICATE_METHOD_MATCH = YES;
				COPY_PHASE_STRIP = NO;
				DEBUG_INFORMATION_FORMAT = dwarf;
				ENABLE_STRICT_OBJC_MSGSEND = YES;
				ENABLE_TESTABILITY = YES;
				GCC_C_LANGUAGE_STANDARD = gnu11;
				GCC_DYNAMIC_NO_PIC = NO;
				GCC_NO_COMMON_BLOCKS = YES;
				GCC_OPTIMIZATION_LEVEL = 0;
				GCC_PREPROCESSOR_DEFINITIONS = (
					"DEBUG=1",
					"$(inherited)",
				);
				GCC_WARN_64_TO_32_BIT_CONVERSION = YES;
				GCC_WARN_ABOUT_RETURN_TYPE = YES_ERROR;
				GCC_WARN_UNDECLARED_SELECTOR = YES;
				GCC_WARN_UNINITIALIZED_AUTOS = YES_AGGRESSIVE;
				GCC_WARN_UNUSED_FUNCTION = YES;
				GCC_WARN_UNUSED_VARIABLE = YES;
				IPHONEOS_DEPLOYMENT_TARGET = 14.5;
				MTL_ENABLE_DEBUG_INFO = INCLUDE_SOURCE;
				MTL_FAST_MATH = YES;
				ONLY_ACTIVE_ARCH = YES;
				SDKROOT = iphoneos;
			};
			name = Debug;
		};
		EF75E0F926B0508000A52B13 /* Release */ = {
			isa = XCBuildConfiguration;
			buildSettings = {
				ALWAYS_SEARCH_USER_PATHS = NO;
				CLANG_ANALYZER_NONNULL = YES;
				CLANG_ANALYZER_NUMBER_OBJECT_CONVERSION = YES_AGGRESSIVE;
				CLANG_CXX_LANGUAGE_STANDARD = "gnu++14";
				CLANG_CXX_LIBRARY = "libc++";
				CLANG_ENABLE_MODULES = YES;
				CLANG_ENABLE_OBJC_ARC = YES;
				CLANG_ENABLE_OBJC_WEAK = YES;
				CLANG_WARN_BLOCK_CAPTURE_AUTORELEASING = YES;
				CLANG_WARN_BOOL_CONVERSION = YES;
				CLANG_WARN_COMMA = YES;
				CLANG_WARN_CONSTANT_CONVERSION = YES;
				CLANG_WARN_DEPRECATED_OBJC_IMPLEMENTATIONS = YES;
				CLANG_WARN_DIRECT_OBJC_ISA_USAGE = YES_ERROR;
				CLANG_WARN_DOCUMENTATION_COMMENTS = YES;
				CLANG_WARN_EMPTY_BODY = YES;
				CLANG_WARN_ENUM_CONVERSION = YES;
				CLANG_WARN_INFINITE_RECURSION = YES;
				CLANG_WARN_INT_CONVERSION = YES;
				CLANG_WARN_NON_LITERAL_NULL_CONVERSION = YES;
				CLANG_WARN_OBJC_IMPLICIT_RETAIN_SELF = YES;
				CLANG_WARN_OBJC_LITERAL_CONVERSION = YES;
				CLANG_WARN_OBJC_ROOT_CLASS = YES_ERROR;
				CLANG_WARN_QUOTED_INCLUDE_IN_FRAMEWORK_HEADER = YES;
				CLANG_WARN_RANGE_LOOP_ANALYSIS = YES;
				CLANG_WARN_STRICT_PROTOTYPES = YES;
				CLANG_WARN_SUSPICIOUS_MOVE = YES;
				CLANG_WARN_UNGUARDED_AVAILABILITY = YES_AGGRESSIVE;
				CLANG_WARN_UNREACHABLE_CODE = YES;
				CLANG_WARN__DUPLICATE_METHOD_MATCH = YES;
				COPY_PHASE_STRIP = NO;
				DEBUG_INFORMATION_FORMAT = "dwarf-with-dsym";
				ENABLE_NS_ASSERTIONS = NO;
				ENABLE_STRICT_OBJC_MSGSEND = YES;
				GCC_C_LANGUAGE_STANDARD = gnu11;
				GCC_NO_COMMON_BLOCKS = YES;
				GCC_WARN_64_TO_32_BIT_CONVERSION = YES;
				GCC_WARN_ABOUT_RETURN_TYPE = YES_ERROR;
				GCC_WARN_UNDECLARED_SELECTOR = YES;
				GCC_WARN_UNINITIALIZED_AUTOS = YES_AGGRESSIVE;
				GCC_WARN_UNUSED_FUNCTION = YES;
				GCC_WARN_UNUSED_VARIABLE = YES;
				IPHONEOS_DEPLOYMENT_TARGET = 14.5;
				MTL_ENABLE_DEBUG_INFO = NO;
				MTL_FAST_MATH = YES;
				SDKROOT = iphoneos;
				VALIDATE_PRODUCT = YES;
			};
			name = Release;
		};
		EF75E0FB26B0508000A52B13 /* Debug */ = {
			isa = XCBuildConfiguration;
			buildSettings = {
				ASSETCATALOG_COMPILER_APPICON_NAME = AppIcon;
				ASSETCATALOG_COMPILER_GLOBAL_ACCENT_COLOR_NAME = AccentColor;
				CODE_SIGN_STYLE = Automatic;
				DEVELOPMENT_TEAM = 2UZ6YPHV3D;
				INFOPLIST_FILE = Example/Info.plist;
				LD_RUNPATH_SEARCH_PATHS = (
					"$(inherited)",
					"@executable_path/Frameworks",
				);
				PRODUCT_BUNDLE_IDENTIFIER = com.JhennyferOliveira.Example;
				PRODUCT_NAME = "$(TARGET_NAME)";
				TARGETED_DEVICE_FAMILY = "1,2";
			};
			name = Debug;
		};
		EF75E0FC26B0508000A52B13 /* Release */ = {
			isa = XCBuildConfiguration;
			buildSettings = {
				ASSETCATALOG_COMPILER_APPICON_NAME = AppIcon;
				ASSETCATALOG_COMPILER_GLOBAL_ACCENT_COLOR_NAME = AccentColor;
				CODE_SIGN_STYLE = Automatic;
				DEVELOPMENT_TEAM = 2UZ6YPHV3D;
				INFOPLIST_FILE = Example/Info.plist;
				LD_RUNPATH_SEARCH_PATHS = (
					"$(inherited)",
					"@executable_path/Frameworks",
				);
				PRODUCT_BUNDLE_IDENTIFIER = com.JhennyferOliveira.Example;
				PRODUCT_NAME = "$(TARGET_NAME)";
				TARGETED_DEVICE_FAMILY = "1,2";
			};
			name = Release;
		};
		EF75E0FE26B0508000A52B13 /* Debug */ = {
			isa = XCBuildConfiguration;
			buildSettings = {
				BUNDLE_LOADER = "$(TEST_HOST)";
				CODE_SIGN_STYLE = Automatic;
				DEVELOPMENT_TEAM = 2UZ6YPHV3D;
				INFOPLIST_FILE = ExampleTests/Info.plist;
				IPHONEOS_DEPLOYMENT_TARGET = 14.5;
				LD_RUNPATH_SEARCH_PATHS = (
					"$(inherited)",
					"@executable_path/Frameworks",
					"@loader_path/Frameworks",
				);
				PRODUCT_BUNDLE_IDENTIFIER = com.JhennyferOliveira.ExampleTests;
				PRODUCT_NAME = "$(TARGET_NAME)";
				TARGETED_DEVICE_FAMILY = "1,2";
				TEST_HOST = "$(BUILT_PRODUCTS_DIR)/Example.app/Example";
			};
			name = Debug;
		};
		EF75E0FF26B0508000A52B13 /* Release */ = {
			isa = XCBuildConfiguration;
			buildSettings = {
				BUNDLE_LOADER = "$(TEST_HOST)";
				CODE_SIGN_STYLE = Automatic;
				DEVELOPMENT_TEAM = 2UZ6YPHV3D;
				INFOPLIST_FILE = ExampleTests/Info.plist;
				IPHONEOS_DEPLOYMENT_TARGET = 14.5;
				LD_RUNPATH_SEARCH_PATHS = (
					"$(inherited)",
					"@executable_path/Frameworks",
					"@loader_path/Frameworks",
				);
				PRODUCT_BUNDLE_IDENTIFIER = com.JhennyferOliveira.ExampleTests;
				PRODUCT_NAME = "$(TARGET_NAME)";
				TARGETED_DEVICE_FAMILY = "1,2";
				TEST_HOST = "$(BUILT_PRODUCTS_DIR)/Example.app/Example";
			};
			name = Release;
		};
		EF75E10126B0508000A52B13 /* Debug */ = {
			isa = XCBuildConfiguration;
			buildSettings = {
				CODE_SIGN_STYLE = Automatic;
				DEVELOPMENT_TEAM = 2UZ6YPHV3D;
				INFOPLIST_FILE = ExampleUITests/Info.plist;
				LD_RUNPATH_SEARCH_PATHS = (
					"$(inherited)",
					"@executable_path/Frameworks",
					"@loader_path/Frameworks",
				);
				PRODUCT_BUNDLE_IDENTIFIER = com.JhennyferOliveira.ExampleUITests;
				PRODUCT_NAME = "$(TARGET_NAME)";
				TARGETED_DEVICE_FAMILY = "1,2";
				TEST_TARGET_NAME = Example;
			};
			name = Debug;
		};
		EF75E10226B0508000A52B13 /* Release */ = {
			isa = XCBuildConfiguration;
			buildSettings = {
				CODE_SIGN_STYLE = Automatic;
				DEVELOPMENT_TEAM = 2UZ6YPHV3D;
				INFOPLIST_FILE = ExampleUITests/Info.plist;
				LD_RUNPATH_SEARCH_PATHS = (
					"$(inherited)",
					"@executable_path/Frameworks",
					"@loader_path/Frameworks",
				);
				PRODUCT_BUNDLE_IDENTIFIER = com.JhennyferOliveira.ExampleUITests;
				PRODUCT_NAME = "$(TARGET_NAME)";
				TARGETED_DEVICE_FAMILY = "1,2";
				TEST_TARGET_NAME = Example;
			};
			name = Release;
		};
/* End XCBuildConfiguration section */

/* Begin XCConfigurationList section */
		EF75E0C626B0507C00A52B13 /* Build configuration list for PBXProject "Example" */ = {
			isa = XCConfigurationList;
			buildConfigurations = (
				EF75E0F826B0508000A52B13 /* Debug */,
				EF75E0F926B0508000A52B13 /* Release */,
			);
			defaultConfigurationIsVisible = 0;
			defaultConfigurationName = Release;
		};
		EF75E0FA26B0508000A52B13 /* Build configuration list for PBXNativeTarget "Example" */ = {
			isa = XCConfigurationList;
			buildConfigurations = (
				EF75E0FB26B0508000A52B13 /* Debug */,
				EF75E0FC26B0508000A52B13 /* Release */,
			);
			defaultConfigurationIsVisible = 0;
			defaultConfigurationName = Release;
		};
		EF75E0FD26B0508000A52B13 /* Build configuration list for PBXNativeTarget "ExampleTests" */ = {
			isa = XCConfigurationList;
			buildConfigurations = (
				EF75E0FE26B0508000A52B13 /* Debug */,
				EF75E0FF26B0508000A52B13 /* Release */,
			);
			defaultConfigurationIsVisible = 0;
			defaultConfigurationName = Release;
		};
		EF75E10026B0508000A52B13 /* Build configuration list for PBXNativeTarget "ExampleUITests" */ = {
			isa = XCConfigurationList;
			buildConfigurations = (
				EF75E10126B0508000A52B13 /* Debug */,
				EF75E10226B0508000A52B13 /* Release */,
			);
			defaultConfigurationIsVisible = 0;
			defaultConfigurationName = Release;
		};
/* End XCConfigurationList section */
	};
	rootObject = EF75E0C326B0507C00A52B13 /* Project object */;
}
